{
  "name": "discord-videos",
  "version": "1.0.0",
  "lockfileVersion": 1,
  "requires": true,
  "dependencies": {
    "@types/node": {
      "version": "14.11.1",
      "resolved": "https://registry.npmjs.org/@types/node/-/node-14.11.1.tgz",
      "integrity": "sha512-oTQgnd0hblfLsJ6BvJzzSL+Inogp3lq9fGgqRkMB/ziKMgEUaFl801OncOzUmalfzt14N0oPHMK47ipl+wbTIw==",
      "dev": true
    },
    "js-video-url-parser": {
      "version": "0.4.1",
      "resolved": "https://registry.npmjs.org/js-video-url-parser/-/js-video-url-parser-0.4.1.tgz",
      "integrity": "sha512-uJn0JXtFbma4/UhCf53l0PYS4wrP8z5xVjQSluY86duvLl1Y6qIRsLxgyT+BDWrsV/zMBMokObZo5KegwqUHAQ=="
    },
    "typescript": {
      "version": "4.0.3",
      "resolved": "https://registry.npmjs.org/typescript/-/typescript-4.0.3.tgz",
      "integrity": "sha512-tEu6DGxGgRJPb/mVPIZ48e69xCn2yRmCgYmDugAVwmJ6o+0u1RI18eO7E7WBTLYLaEVVOhwQmcdhQHweux/WPg==",
      "dev": true
    }
  }
}
